// !$*UTF8*$!
{
	archiveVersion = 1;
	classes = {};
	objectVersion = 56;
	objects = {

/* Begin PBXBuildFile section */
		E713288AAC6A95023E679A7A /* DreamNestApp.swift in Sources */ = {isa = PBXBuildFile; fileRef = 4D3BA40694CA53E8FEC5DAB8 /* DreamNestApp.swift */; };
		BD2BEDC8E81AC705CB7F18DA /* AppEnvironment.swift in Sources */ = {isa = PBXBuildFile; fileRef = 7BD1BC8AA5C9ED3E7FC4738B /* AppEnvironment.swift */; };
		AFE1246FF159EC47432D90A9 /* DreamNestTheme.swift in Sources */ = {isa = PBXBuildFile; fileRef = BE8B1933C5EDA8D71B6C7D44 /* DreamNestTheme.swift */; };
		5B0E8DA84F363922AFD3FF0C /* SleepTimerEngine.swift in Sources */ = {isa = PBXBuildFile; fileRef = 989E04F38163DD999B4AA05D /* SleepTimerEngine.swift */; };
		FB5BDCE47C57CBCC4CD1C6B9 /* FadeCurve.swift in Sources */ = {isa = PBXBuildFile; fileRef = 0B8A5669F57A3035DD2475EA /* FadeCurve.swift */; };
		4EE3E99C348D931A2E926C25 /* CryDetectionStateMachine.swift in Sources */ = {isa = PBXBuildFile; fileRef = 58009C55F24F35FA72515352 /* CryDetectionStateMachine.swift */; };
		8C2C0FF69D1216BF505D651B /* LocalCryDetectionService.swift in Sources */ = {isa = PBXBuildFile; fileRef = 548C60900DB5068353DC09D3 /* LocalCryDetectionService.swift */; };
		0253F94F92CE8B05E127F562 /* SoundCatalogService.swift in Sources */ = {isa = PBXBuildFile; fileRef = CC8C760C0CEB4D6ABA7D5450 /* SoundCatalogService.swift */; };
		2F4DA9741CA938CA7CBEA777 /* AppSettings.swift in Sources */ = {isa = PBXBuildFile; fileRef = 3085EA22953F12064B56C358 /* AppSettings.swift */; };
		000B95A54B32C87794B677BC /* SoundDefinition.swift in Sources */ = {isa = PBXBuildFile; fileRef = 3BEE2E490CE3074D70D998A8 /* SoundDefinition.swift */; };
		4AE1EA2B35EC9BF98D77EC6E /* EQProfile.swift in Sources */ = {isa = PBXBuildFile; fileRef = A32D16194C1B20B3BF134063 /* EQProfile.swift */; };
		AB12CD34EF56AB7890CD1234 /* PlaybackPreset.swift in Sources */ = {isa = PBXBuildFile; fileRef = AB12CD34EF56AB7890CD1233 /* PlaybackPreset.swift */; };
		C229F3D858765EEB0350C63C /* ServiceProtocols.swift in Sources */ = {isa = PBXBuildFile; fileRef = 710ED2B75675CF6BC16D4200 /* ServiceProtocols.swift */; };
		527B615A25DBA774DB83C3D4 /* NoiseSafetyPolicy.swift in Sources */ = {isa = PBXBuildFile; fileRef = 2084875C361E6FC1CD50C874 /* NoiseSafetyPolicy.swift */; };
		50E1BF949EAE8315A9CEC0F1 /* UserDefaultsSettingsStore.swift in Sources */ = {isa = PBXBuildFile; fileRef = 010C7028AB1AEDFFED94C93A /* UserDefaultsSettingsStore.swift */; };
		2D47A3D6158B4C0FB5BEA991 /* PlaybackSessionStore.swift in Sources */ = {isa = PBXBuildFile; fileRef = 8EA5CC42862742A5A9054368 /* PlaybackSessionStore.swift */; };
		A8DA1384461E25CDD34B13C8 /* AudioPlaybackService.swift in Sources */ = {isa = PBXBuildFile; fileRef = CBF8D15A425DD2D29EFF98D3 /* AudioPlaybackService.swift */; };
		1A2B3C4D5E6F708192A3B4C5 /* SystemVolumeService.swift in Sources */ = {isa = PBXBuildFile; fileRef = 1A2B3C4D5E6F708192A3B4C4 /* SystemVolumeService.swift */; };
		A6ED11473A15DF612ECE9FBB /* ExposureGuidanceView.swift in Sources */ = {isa = PBXBuildFile; fileRef = C3FE03617FC4FE5E7998AFC8 /* ExposureGuidanceView.swift */; };
		5CD8CBDCD55B6E0B85593F38 /* HomeView.swift in Sources */ = {isa = PBXBuildFile; fileRef = 95E74AD2E6BF3DA3D719D24A /* HomeView.swift */; };
		8CC0E327992969C54C35329E /* HomeViewModel.swift in Sources */ = {isa = PBXBuildFile; fileRef = BF6A0848ADF49AB24F115B59 /* HomeViewModel.swift */; };
		AA41B00B5CFA4EAFA803BE9C /* CryResponseCoordinator.swift in Sources */ = {isa = PBXBuildFile; fileRef = 7A4DF1C3FD4FC1CE1847E7A1 /* CryResponseCoordinator.swift */; };
		928B4A3B45FA23D167D39B5B /* PreviewData.swift in Sources */ = {isa = PBXBuildFile; fileRef = 736355BBAA314A1D2DEEF6E0 /* PreviewData.swift */; };
		8EAD96454E4F97F5A4C973C2 /* CryDetectionStateMachineTests.swift in Sources */ = {isa = PBXBuildFile; fileRef = CEF66D4F42F368D6AAEC1228 /* CryDetectionStateMachineTests.swift */; };
		F6459F06DC935A76BBF6B6DD /* FadeCurveTests.swift in Sources */ = {isa = PBXBuildFile; fileRef = F5BEB5DE38945AA500483597 /* FadeCurveTests.swift */; };
		4FB9612F0EB6575FAC9BAA31 /* SleepTimerEngineTests.swift in Sources */ = {isa = PBXBuildFile; fileRef = 995D253D27F3222419A3F8A5 /* SleepTimerEngineTests.swift */; };
		97BF57C6EABBA53E3D0A0A61 /* CryResponseCoordinatorTests.swift in Sources */ = {isa = PBXBuildFile; fileRef = 6865D739666214CA24A251C1 /* CryResponseCoordinatorTests.swift */; };
		9B8D7C6A5E4F3D2C1B0A9988 /* HomeViewModelTimerTests.swift in Sources */ = {isa = PBXBuildFile; fileRef = 9B8D7C6A5E4F3D2C1B0A9987 /* HomeViewModelTimerTests.swift */; };
		F0A10A0B0C0D0E0F10111213 /* Audio in Resources */ = {isa = PBXBuildFile; fileRef = F0A10A0B0C0D0E0F10111212 /* Audio */; };
/* End PBXBuildFile section */

/* Begin PBXContainerItemProxy section */
		EAC7B1D8DB66779087C587D3 /* PBXContainerItemProxy */ = {isa = PBXContainerItemProxy; containerPortal = DD7512F5E0289CDDCE66B0F8 /* Project object */; proxyType = 1; remoteGlobalIDString = 0A1D1B958922F39EFB59FFBA; remoteInfo = DreamNest; };
/* End PBXContainerItemProxy section */

/* Begin PBXFileReference section */
		4D3BA40694CA53E8FEC5DAB8 /* DreamNestApp.swift */ = {isa = PBXFileReference; lastKnownFileType = sourcecode.swift; path = DreamNestApp.swift; sourceTree = "<group>"; };
		7BD1BC8AA5C9ED3E7FC4738B /* AppEnvironment.swift */ = {isa = PBXFileReference; lastKnownFileType = sourcecode.swift; path = AppEnvironment.swift; sourceTree = "<group>"; };
		BE8B1933C5EDA8D71B6C7D44 /* DreamNestTheme.swift */ = {isa = PBXFileReference; lastKnownFileType = sourcecode.swift; path = DreamNestTheme.swift; sourceTree = "<group>"; };
		989E04F38163DD999B4AA05D /* SleepTimerEngine.swift */ = {isa = PBXFileReference; lastKnownFileType = sourcecode.swift; path = SleepTimerEngine.swift; sourceTree = "<group>"; };
		0B8A5669F57A3035DD2475EA /* FadeCurve.swift */ = {isa = PBXFileReference; lastKnownFileType = sourcecode.swift; path = FadeCurve.swift; sourceTree = "<group>"; };
		58009C55F24F35FA72515352 /* CryDetectionStateMachine.swift */ = {isa = PBXFileReference; lastKnownFileType = sourcecode.swift; path = CryDetectionStateMachine.swift; sourceTree = "<group>"; };
		548C60900DB5068353DC09D3 /* LocalCryDetectionService.swift */ = {isa = PBXFileReference; lastKnownFileType = sourcecode.swift; path = LocalCryDetectionService.swift; sourceTree = "<group>"; };
		CC8C760C0CEB4D6ABA7D5450 /* SoundCatalogService.swift */ = {isa = PBXFileReference; lastKnownFileType = sourcecode.swift; path = SoundCatalogService.swift; sourceTree = "<group>"; };
		3085EA22953F12064B56C358 /* AppSettings.swift */ = {isa = PBXFileReference; lastKnownFileType = sourcecode.swift; path = AppSettings.swift; sourceTree = "<group>"; };
		3BEE2E490CE3074D70D998A8 /* SoundDefinition.swift */ = {isa = PBXFileReference; lastKnownFileType = sourcecode.swift; path = SoundDefinition.swift; sourceTree = "<group>"; };
		A32D16194C1B20B3BF134063 /* EQProfile.swift */ = {isa = PBXFileReference; lastKnownFileType = sourcecode.swift; path = EQProfile.swift; sourceTree = "<group>"; };
		AB12CD34EF56AB7890CD1233 /* PlaybackPreset.swift */ = {isa = PBXFileReference; lastKnownFileType = sourcecode.swift; path = PlaybackPreset.swift; sourceTree = "<group>"; };
		710ED2B75675CF6BC16D4200 /* ServiceProtocols.swift */ = {isa = PBXFileReference; lastKnownFileType = sourcecode.swift; path = ServiceProtocols.swift; sourceTree = "<group>"; };
		2084875C361E6FC1CD50C874 /* NoiseSafetyPolicy.swift */ = {isa = PBXFileReference; lastKnownFileType = sourcecode.swift; path = NoiseSafetyPolicy.swift; sourceTree = "<group>"; };
		010C7028AB1AEDFFED94C93A /* UserDefaultsSettingsStore.swift */ = {isa = PBXFileReference; lastKnownFileType = sourcecode.swift; path = UserDefaultsSettingsStore.swift; sourceTree = "<group>"; };
		8EA5CC42862742A5A9054368 /* PlaybackSessionStore.swift */ = {isa = PBXFileReference; lastKnownFileType = sourcecode.swift; path = PlaybackSessionStore.swift; sourceTree = "<group>"; };
		CBF8D15A425DD2D29EFF98D3 /* AudioPlaybackService.swift */ = {isa = PBXFileReference; lastKnownFileType = sourcecode.swift; path = AudioPlaybackService.swift; sourceTree = "<group>"; };
		1A2B3C4D5E6F708192A3B4C4 /* SystemVolumeService.swift */ = {isa = PBXFileReference; lastKnownFileType = sourcecode.swift; path = SystemVolumeService.swift; sourceTree = "<group>"; };
		C3FE03617FC4FE5E7998AFC8 /* ExposureGuidanceView.swift */ = {isa = PBXFileReference; lastKnownFileType = sourcecode.swift; path = ExposureGuidanceView.swift; sourceTree = "<group>"; };
		95E74AD2E6BF3DA3D719D24A /* HomeView.swift */ = {isa = PBXFileReference; lastKnownFileType = sourcecode.swift; path = HomeView.swift; sourceTree = "<group>"; };
		BF6A0848ADF49AB24F115B59 /* HomeViewModel.swift */ = {isa = PBXFileReference; lastKnownFileType = sourcecode.swift; path = HomeViewModel.swift; sourceTree = "<group>"; };
		7A4DF1C3FD4FC1CE1847E7A1 /* CryResponseCoordinator.swift */ = {isa = PBXFileReference; lastKnownFileType = sourcecode.swift; path = CryResponseCoordinator.swift; sourceTree = "<group>"; };
		736355BBAA314A1D2DEEF6E0 /* PreviewData.swift */ = {isa = PBXFileReference; lastKnownFileType = sourcecode.swift; path = PreviewData.swift; sourceTree = "<group>"; };
		CEF66D4F42F368D6AAEC1228 /* CryDetectionStateMachineTests.swift */ = {isa = PBXFileReference; lastKnownFileType = sourcecode.swift; path = CryDetectionStateMachineTests.swift; sourceTree = "<group>"; };
		F5BEB5DE38945AA500483597 /* FadeCurveTests.swift */ = {isa = PBXFileReference; lastKnownFileType = sourcecode.swift; path = FadeCurveTests.swift; sourceTree = "<group>"; };
		995D253D27F3222419A3F8A5 /* SleepTimerEngineTests.swift */ = {isa = PBXFileReference; lastKnownFileType = sourcecode.swift; path = SleepTimerEngineTests.swift; sourceTree = "<group>"; };
		6865D739666214CA24A251C1 /* CryResponseCoordinatorTests.swift */ = {isa = PBXFileReference; lastKnownFileType = sourcecode.swift; path = CryResponseCoordinatorTests.swift; sourceTree = "<group>"; };
		9B8D7C6A5E4F3D2C1B0A9987 /* HomeViewModelTimerTests.swift */ = {isa = PBXFileReference; lastKnownFileType = sourcecode.swift; path = HomeViewModelTimerTests.swift; sourceTree = "<group>"; };
		C598A62A335461D0C36DCEB4 /* Info.plist */ = {isa = PBXFileReference; lastKnownFileType = text.plist.xml; path = Info.plist; sourceTree = "<group>"; };
		64E13B2DE281B334715E1F9A /* DreamNest.app */ = {isa = PBXFileReference; explicitFileType = wrapper.application; includeInIndex = 0; path = DreamNest.app; sourceTree = BUILT_PRODUCTS_DIR; };
		805E616C1FC158D46D33BFC8 /* DreamNestTests.xctest */ = {isa = PBXFileReference; explicitFileType = wrapper.cfbundle; includeInIndex = 0; path = DreamNestTests.xctest; sourceTree = BUILT_PRODUCTS_DIR; };
		F0A10A0B0C0D0E0F10111212 /* Audio */ = {isa = PBXFileReference; lastKnownFileType = folder; name = Audio; path = Audio; sourceTree = "<group>"; };
/* End PBXFileReference section */

/* Begin PBXFrameworksBuildPhase section */
		07A1AD05F7D7C6BFCDB10022 /* Frameworks */ = {isa = PBXFrameworksBuildPhase; buildActionMask = 2147483647; files = (); runOnlyForDeploymentPostprocessing = 0; };
		C30D85AB3B7FEDE4A3D69A90 /* Frameworks */ = {isa = PBXFrameworksBuildPhase; buildActionMask = 2147483647; files = (); runOnlyForDeploymentPostprocessing = 0; };
/* End PBXFrameworksBuildPhase section */

/* Begin PBXGroup section */
		0A85897F1A32FE9B91C081CD = {isa = PBXGroup; children = (
			201990F3D7A2CF1F857BC3CB /* DreamNest */,
			D9850D234A9E849DA1B12BBE /* DreamNestTests */,
			B88D7E26791946AEFDCC8BB7 /* Products */,
		); sourceTree = "<group>"; };
		B88D7E26791946AEFDCC8BB7 /* Products */ = {isa = PBXGroup; children = (64E13B2DE281B334715E1F9A /* DreamNest.app */, 805E616C1FC158D46D33BFC8 /* DreamNestTests.xctest */,); name = Products; sourceTree = "<group>"; };
		201990F3D7A2CF1F857BC3CB /* DreamNest */ = {isa = PBXGroup; children = (
			77C037C483DC6B00C463C5F9 /* App */,
			7E63FB79D8432E92B2BF05B7 /* Core */,
			C6C7B26DFCD2E667DD1A7984 /* DesignSystem */,
			4ABCA3AA88E186E548666A06 /* Features */,
			1FDE7AAFC45748EC93BC4A28 /* PreviewContent */,
			B642DCC00EC1A184662227C2 /* Resources */,
		); path = DreamNest; sourceTree = "<group>"; };
		77C037C483DC6B00C463C5F9 /* App */ = {isa = PBXGroup; children = (
			4D3BA40694CA53E8FEC5DAB8 /* DreamNestApp.swift */,
			7BD1BC8AA5C9ED3E7FC4738B /* AppEnvironment.swift */,
		); path = App; sourceTree = "<group>"; };
		C6C7B26DFCD2E667DD1A7984 /* DesignSystem */ = {isa = PBXGroup; children = (
			BE8B1933C5EDA8D71B6C7D44 /* DreamNestTheme.swift */,
		); path = DesignSystem; sourceTree = "<group>"; };
		B642DCC00EC1A184662227C2 /* Resources */ = {isa = PBXGroup; children = (
			C598A62A335461D0C36DCEB4 /* Info.plist */,
			F0A10A0B0C0D0E0F10111212 /* Audio */,
		); path = Resources; sourceTree = "<group>"; };
		1FDE7AAFC45748EC93BC4A28 /* PreviewContent */ = {isa = PBXGroup; children = (
			736355BBAA314A1D2DEEF6E0 /* PreviewData.swift */,
		); path = PreviewContent; sourceTree = "<group>"; };
		7E63FB79D8432E92B2BF05B7 /* Core */ = {isa = PBXGroup; children = (
			7736F3FD1EE31C92ECDC8989 /* Audio */,
			803BD4D48545FE7327AD5102 /* CryDetection */,
			E5A292CA13EB2FFE4DE37562 /* Models */,
			9EA0C8ACB10AC34B81D92BCB /* Persistence */,
			99096634B756CF24BA126631 /* Protocols */,
			C6588DF99A77A36F20B755A9 /* Safety */,
			D8CBEB09179DED4444A5376C /* Services */,
			41682C30340C456B375D7B3B /* Timer */,
		); path = Core; sourceTree = "<group>"; };
		7736F3FD1EE31C92ECDC8989 /* Audio */ = {isa = PBXGroup; children = (
			CBF8D15A425DD2D29EFF98D3 /* AudioPlaybackService.swift */,
			1A2B3C4D5E6F708192A3B4C4 /* SystemVolumeService.swift */,
		); path = Audio; sourceTree = "<group>"; };
		803BD4D48545FE7327AD5102 /* CryDetection */ = {isa = PBXGroup; children = (
			58009C55F24F35FA72515352 /* CryDetectionStateMachine.swift */,
			548C60900DB5068353DC09D3 /* LocalCryDetectionService.swift */,
			7A4DF1C3FD4FC1CE1847E7A1 /* CryResponseCoordinator.swift */,
		); path = CryDetection; sourceTree = "<group>"; };
		E5A292CA13EB2FFE4DE37562 /* Models */ = {isa = PBXGroup; children = (
			3085EA22953F12064B56C358 /* AppSettings.swift */,
			3BEE2E490CE3074D70D998A8 /* SoundDefinition.swift */,
			A32D16194C1B20B3BF134063 /* EQProfile.swift */,
			AB12CD34EF56AB7890CD1233 /* PlaybackPreset.swift */,
		); path = Models; sourceTree = "<group>"; };
		9EA0C8ACB10AC34B81D92BCB /* Persistence */ = {isa = PBXGroup; children = (
			010C7028AB1AEDFFED94C93A /* UserDefaultsSettingsStore.swift */,
			8EA5CC42862742A5A9054368 /* PlaybackSessionStore.swift */,
		); path = Persistence; sourceTree = "<group>"; };
		99096634B756CF24BA126631 /* Protocols */ = {isa = PBXGroup; children = (
			710ED2B75675CF6BC16D4200 /* ServiceProtocols.swift */,
		); path = Protocols; sourceTree = "<group>"; };
		C6588DF99A77A36F20B755A9 /* Safety */ = {isa = PBXGroup; children = (
			2084875C361E6FC1CD50C874 /* NoiseSafetyPolicy.swift */,
		); path = Safety; sourceTree = "<group>"; };
		D8CBEB09179DED4444A5376C /* Services */ = {isa = PBXGroup; children = (
			CC8C760C0CEB4D6ABA7D5450 /* SoundCatalogService.swift */,
		); path = Services; sourceTree = "<group>"; };
		41682C30340C456B375D7B3B /* Timer */ = {isa = PBXGroup; children = (
			989E04F38163DD999B4AA05D /* SleepTimerEngine.swift */,
			0B8A5669F57A3035DD2475EA /* FadeCurve.swift */,
		); path = Timer; sourceTree = "<group>"; };
		4ABCA3AA88E186E548666A06 /* Features */ = {isa = PBXGroup; children = (
			4256C2971077C53CA53621F8 /* Exposure */,
			2EE92564C909D1121B04AF55 /* Home */,
		); path = Features; sourceTree = "<group>"; };
		4256C2971077C53CA53621F8 /* Exposure */ = {isa = PBXGroup; children = (
			C3FE03617FC4FE5E7998AFC8 /* ExposureGuidanceView.swift */,
		); path = Exposure; sourceTree = "<group>"; };
		2EE92564C909D1121B04AF55 /* Home */ = {isa = PBXGroup; children = (
			95E74AD2E6BF3DA3D719D24A /* HomeView.swift */,
			BF6A0848ADF49AB24F115B59 /* HomeViewModel.swift */,
		); path = Home; sourceTree = "<group>"; };
		D9850D234A9E849DA1B12BBE /* DreamNestTests */ = {isa = PBXGroup; children = (
			CEF66D4F42F368D6AAEC1228 /* CryDetectionStateMachineTests.swift */,
			F5BEB5DE38945AA500483597 /* FadeCurveTests.swift */,
			995D253D27F3222419A3F8A5 /* SleepTimerEngineTests.swift */,
			6865D739666214CA24A251C1 /* CryResponseCoordinatorTests.swift */,
			9B8D7C6A5E4F3D2C1B0A9987 /* HomeViewModelTimerTests.swift */,
		); path = DreamNestTests; sourceTree = "<group>"; };
/* End PBXGroup section */

/* Begin PBXNativeTarget section */
		0A1D1B958922F39EFB59FFBA /* DreamNest */ = {isa = PBXNativeTarget; buildConfigurationList = 96A29BA37153156058BCCE1E /* Build configuration list for PBXNativeTarget "DreamNest" */; buildPhases = (3A726B34EDBF293EE21C0635 /* Sources */, 07A1AD05F7D7C6BFCDB10022 /* Frameworks */, 068ABBD3FCE27411826A7997 /* Resources */, 0B007EB3EA50C5D3513EA39B /* Embed Frameworks */, ); buildRules = (); dependencies = (); name = DreamNest; productName = DreamNest; productReference = 64E13B2DE281B334715E1F9A /* DreamNest.app */; productType = "com.apple.product-type.application"; };
		76CDA3BDC86001291C1919F1 /* DreamNestTests */ = {isa = PBXNativeTarget; buildConfigurationList = 505BB4026ECDE8B120A72C21 /* Build configuration list for PBXNativeTarget "DreamNestTests" */; buildPhases = (538D3E49D70BE382997AA76F /* Sources */, C30D85AB3B7FEDE4A3D69A90 /* Frameworks */, DCB799FE92A6D2CDBAB03903 /* Resources */, ); buildRules = (); dependencies = (3CA135995A75A5945B5AE641 /* PBXTargetDependency */, ); name = DreamNestTests; productName = DreamNestTests; productReference = 805E616C1FC158D46D33BFC8 /* DreamNestTests.xctest */; productType = "com.apple.product-type.bundle.unit-test"; };
/* End PBXNativeTarget section */

/* Begin PBXProject section */
		DD7512F5E0289CDDCE66B0F8 /* Project object */ = {isa = PBXProject; attributes = {BuildIndependentTargetsInParallel = 1; LastSwiftUpdateCheck = 1600; LastUpgradeCheck = 1600; TargetAttributes = {0A1D1B958922F39EFB59FFBA = {CreatedOnToolsVersion = 16.0; }; 76CDA3BDC86001291C1919F1 = {CreatedOnToolsVersion = 16.0; TestTargetID = 0A1D1B958922F39EFB59FFBA; };}; }; buildConfigurationList = 57D5036BB3C593C7AD267F0F /* Build configuration list for PBXProject "DreamNest" */; compatibilityVersion = "Xcode 14.0"; developmentRegion = en; hasScannedForEncodings = 0; knownRegions = (en, Base,); mainGroup = 0A85897F1A32FE9B91C081CD; productRefGroup = B88D7E26791946AEFDCC8BB7 /* Products */; projectDirPath = ""; projectRoot = ""; targets = (0A1D1B958922F39EFB59FFBA /* DreamNest */, 76CDA3BDC86001291C1919F1 /* DreamNestTests */, ); };
/* End PBXProject section */

/* Begin PBXResourcesBuildPhase section */
		068ABBD3FCE27411826A7997 /* Resources */ = {isa = PBXResourcesBuildPhase; buildActionMask = 2147483647; files = (
			F0A10A0B0C0D0E0F10111213 /* Audio in Resources */,
		); runOnlyForDeploymentPostprocessing = 0; };
		DCB799FE92A6D2CDBAB03903 /* Resources */ = {isa = PBXResourcesBuildPhase; buildActionMask = 2147483647; files = (); runOnlyForDeploymentPostprocessing = 0; };
/* End PBXResourcesBuildPhase section */

/* Begin PBXCopyFilesBuildPhase section */
		0B007EB3EA50C5D3513EA39B /* Embed Frameworks */ = {isa = PBXCopyFilesBuildPhase; buildActionMask = 2147483647; dstPath = ""; dstSubfolderSpec = 10; files = (); name = "Embed Frameworks"; runOnlyForDeploymentPostprocessing = 0; };
/* End PBXCopyFilesBuildPhase section */

/* Begin PBXSourcesBuildPhase section */
		3A726B34EDBF293EE21C0635 /* Sources */ = {isa = PBXSourcesBuildPhase; buildActionMask = 2147483647; files = (
			E713288AAC6A95023E679A7A /* in Sources */,
			BD2BEDC8E81AC705CB7F18DA /* in Sources */,
			AFE1246FF159EC47432D90A9 /* in Sources */,
			5B0E8DA84F363922AFD3FF0C /* in Sources */,
			FB5BDCE47C57CBCC4CD1C6B9 /* in Sources */,
			4EE3E99C348D931A2E926C25 /* in Sources */,
			8C2C0FF69D1216BF505D651B /* in Sources */,
			0253F94F92CE8B05E127F562 /* in Sources */,
			2F4DA9741CA938CA7CBEA777 /* in Sources */,
			000B95A54B32C87794B677BC /* in Sources */,
			4AE1EA2B35EC9BF98D77EC6E /* in Sources */,
			AB12CD34EF56AB7890CD1234 /* in Sources */,
			C229F3D858765EEB0350C63C /* in Sources */,
			527B615A25DBA774DB83C3D4 /* in Sources */,
			50E1BF949EAE8315A9CEC0F1 /* in Sources */,
			2D47A3D6158B4C0FB5BEA991 /* in Sources */,
			A8DA1384461E25CDD34B13C8 /* in Sources */,
			1A2B3C4D5E6F708192A3B4C5 /* in Sources */,
			A6ED11473A15DF612ECE9FBB /* in Sources */,
			5CD8CBDCD55B6E0B85593F38 /* in Sources */,
			8CC0E327992969C54C35329E /* in Sources */,
			AA41B00B5CFA4EAFA803BE9C /* in Sources */,
			928B4A3B45FA23D167D39B5B /* in Sources */,
		); runOnlyForDeploymentPostprocessing = 0; };
		538D3E49D70BE382997AA76F /* Sources */ = {isa = PBXSourcesBuildPhase; buildActionMask = 2147483647; files = (
			8EAD96454E4F97F5A4C973C2 /* in Sources */,
			F6459F06DC935A76BBF6B6DD /* in Sources */,
			4FB9612F0EB6575FAC9BAA31 /* in Sources */,
			97BF57C6EABBA53E3D0A0A61 /* in Sources */,
			9B8D7C6A5E4F3D2C1B0A9988 /* in Sources */,
		); runOnlyForDeploymentPostprocessing = 0; };
/* End PBXSourcesBuildPhase section */

/* Begin PBXTargetDependency section */
		3CA135995A75A5945B5AE641 /* PBXTargetDependency */ = {isa = PBXTargetDependency; target = 0A1D1B958922F39EFB59FFBA /* DreamNest */; targetProxy = EAC7B1D8DB66779087C587D3 /* PBXContainerItemProxy */; };
/* End PBXTargetDependency section */

/* Begin XCBuildConfiguration section */
		FC618E5B81355E96BACAABEC /* Debug */ = {isa = XCBuildConfiguration; buildSettings = {CLANG_ENABLE_MODULES = YES; SWIFT_VERSION = 5.0;}; name = Debug; };
		E4E08E1214B2B987603C6DFC /* Release */ = {isa = XCBuildConfiguration; buildSettings = {CLANG_ENABLE_MODULES = YES; SWIFT_VERSION = 5.0;}; name = Release; };
		6FD51FE8A48050B44AFCCF21 /* Debug */ = {isa = XCBuildConfiguration; buildSettings = {ASSETCATALOG_COMPILER_APPICON_NAME = AppIcon; CODE_SIGN_STYLE = Automatic; CURRENT_PROJECT_VERSION = 1; GENERATE_INFOPLIST_FILE = NO; INFOPLIST_FILE = DreamNest/Resources/Info.plist; IPHONEOS_DEPLOYMENT_TARGET = 17.0; LD_RUNPATH_SEARCH_PATHS = ("$(inherited)", "@executable_path/Frameworks",); MARKETING_VERSION = 1.0; PRODUCT_BUNDLE_IDENTIFIER = com.example.DreamNest; PRODUCT_NAME = "$(TARGET_NAME)"; SUPPORTED_PLATFORMS = "iphoneos iphonesimulator"; SWIFT_EMIT_LOC_STRINGS = YES; SWIFT_VERSION = 5.0; TARGETED_DEVICE_FAMILY = "1,2"; }; name = Debug; };
		B2F784F5305FC92A81050698 /* Release */ = {isa = XCBuildConfiguration; buildSettings = {ASSETCATALOG_COMPILER_APPICON_NAME = AppIcon; CODE_SIGN_STYLE = Automatic; CURRENT_PROJECT_VERSION = 1; GENERATE_INFOPLIST_FILE = NO; INFOPLIST_FILE = DreamNest/Resources/Info.plist; IPHONEOS_DEPLOYMENT_TARGET = 17.0; LD_RUNPATH_SEARCH_PATHS = ("$(inherited)", "@executable_path/Frameworks",); MARKETING_VERSION = 1.0; PRODUCT_BUNDLE_IDENTIFIER = com.example.DreamNest; PRODUCT_NAME = "$(TARGET_NAME)"; SUPPORTED_PLATFORMS = "iphoneos iphonesimulator"; SWIFT_EMIT_LOC_STRINGS = YES; SWIFT_VERSION = 5.0; TARGETED_DEVICE_FAMILY = "1,2"; }; name = Release; };
		4F1805E2FEC17D315B8F5CF3 /* Debug */ = {isa = XCBuildConfiguration; buildSettings = {BUNDLE_LOADER = "$(TEST_HOST)"; CODE_SIGN_STYLE = Automatic; GENERATE_INFOPLIST_FILE = YES; IPHONEOS_DEPLOYMENT_TARGET = 17.0; PRODUCT_BUNDLE_IDENTIFIER = com.example.DreamNestTests; PRODUCT_NAME = "$(TARGET_NAME)"; SUPPORTED_PLATFORMS = "iphoneos iphonesimulator"; SWIFT_VERSION = 5.0; TEST_HOST = "$(BUILT_PRODUCTS_DIR)/DreamNest.app/DreamNest"; }; name = Debug; };
		68D252F1D9E55DEBB9712E88 /* Release */ = {isa = XCBuildConfiguration; buildSettings = {BUNDLE_LOADER = "$(TEST_HOST)"; CODE_SIGN_STYLE = Automatic; GENERATE_INFOPLIST_FILE = YES; IPHONEOS_DEPLOYMENT_TARGET = 17.0; PRODUCT_BUNDLE_IDENTIFIER = com.example.DreamNestTests; PRODUCT_NAME = "$(TARGET_NAME)"; SUPPORTED_PLATFORMS = "iphoneos iphonesimulator"; SWIFT_VERSION = 5.0; TEST_HOST = "$(BUILT_PRODUCTS_DIR)/DreamNest.app/DreamNest"; }; name = Release; };
/* End XCBuildConfiguration section */

/* Begin XCConfigurationList section */
		57D5036BB3C593C7AD267F0F /* Build configuration list for PBXProject "DreamNest" */ = {isa = XCConfigurationList; buildConfigurations = (FC618E5B81355E96BACAABEC /* Debug */, E4E08E1214B2B987603C6DFC /* Release */, ); defaultConfigurationIsVisible = 0; defaultConfigurationName = Release; };
		96A29BA37153156058BCCE1E /* Build configuration list for PBXNativeTarget "DreamNest" */ = {isa = XCConfigurationList; buildConfigurations = (6FD51FE8A48050B44AFCCF21 /* Debug */, B2F784F5305FC92A81050698 /* Release */, ); defaultConfigurationIsVisible = 0; defaultConfigurationName = Release; };
		505BB4026ECDE8B120A72C21 /* Build configuration list for PBXNativeTarget "DreamNestTests" */ = {isa = XCConfigurationList; buildConfigurations = (4F1805E2FEC17D315B8F5CF3 /* Debug */, 68D252F1D9E55DEBB9712E88 /* Release */, ); defaultConfigurationIsVisible = 0; defaultConfigurationName = Release; };
/* End XCConfigurationList section */
	};
	rootObject = DD7512F5E0289CDDCE66B0F8 /* Project object */;
}
